
Microsoft Visual Studio Solution File, Format Version 12.00
# Visual Studio 2012
Project("{FAE04EC0-301F-11D3-BF4B-00C04F79EFBC}") = "PSR_File_Downloader.Model", "PSR_File_Downloader.Model\PSR_File_Downloader.Model.csproj", "{A621EC2D-B821-4D2A-BD12-2978C4EFA28F}"
EndProject
Project("{FAE04EC0-301F-11D3-BF4B-00C04F79EFBC}") = "PSR_File_Downloader.IAction", "PSR_File_Downloader.IAction\PSR_File_Downloader.IAction.csproj", "{15DD22A0-9C41-4894-B56C-9471007A307A}"
EndProject
Project("{FAE04EC0-301F-11D3-BF4B-00C04F79EFBC}") = "PSR_File_Downloader.Action", "PSR_File_Downloader.Action\PSR_File_Downloader.Action.csproj", "{D15368F6-33D6-427E-BBC0-4B08F3F634FE}"
EndProject
Project("{FAE04EC0-301F-11D3-BF4B-00C04F79EFBC}") = "PSR_File_Downloader.UI", "PSR_File_Downloader.UI\PSR_File_Downloader.UI.csproj", "{26F90A33-CF21-44C9-A95E-A3255478CD8B}"
EndProject
Global
	GlobalSection(SolutionConfigurationPlatforms) = preSolution
		Debug|Any CPU = Debug|Any CPU
		Release|Any CPU = Release|Any CPU
	EndGlobalSection
	GlobalSection(ProjectConfigurationPlatforms) = postSolution
		{A621EC2D-B821-4D2A-BD12-2978C4EFA28F}.Debug|Any CPU.ActiveCfg = Debug|Any CPU
		{A621EC2D-B821-4D2A-BD12-2978C4EFA28F}.Debug|Any CPU.Build.0 = Debug|Any CPU
		{A621EC2D-B821-4D2A-BD12-2978C4EFA28F}.Release|Any CPU.ActiveCfg = Release|Any CPU
		{A621EC2D-B821-4D2A-BD12-2978C4EFA28F}.Release|Any CPU.Build.0 = Release|Any CPU
		{15DD22A0-9C41-4894-B56C-9471007A307A}.Debug|Any CPU.ActiveCfg = Debug|Any CPU
		{15DD22A0-9C41-4894-B56C-9471007A307A}.Debug|Any CPU.Build.0 = Debug|Any CPU
		{15DD22A0-9C41-4894-B56C-9471007A307A}.Release|Any CPU.ActiveCfg = Release|Any CPU
		{15DD22A0-9C41-4894-B56C-9471007A307A}.Release|Any CPU.Build.0 = Release|Any CPU
		{D15368F6-33D6-427E-BBC0-4B08F3F634FE}.Debug|Any CPU.ActiveCfg = Debug|Any CPU
		{D15368F6-33D6-427E-BBC0-4B08F3F634FE}.Debug|Any CPU.Build.0 = Debug|Any CPU
		{D15368F6-33D6-427E-BBC0-4B08F3F634FE}.Release|Any CPU.ActiveCfg = Release|Any CPU
		{D15368F6-33D6-427E-BBC0-4B08F3F634FE}.Release|Any CPU.Build.0 = Release|Any CPU
		{26F90A33-CF21-44C9-A95E-A3255478CD8B}.Debug|Any CPU.ActiveCfg = Debug|Any CPU
		{26F90A33-CF21-44C9-A95E-A3255478CD8B}.Debug|Any CPU.Build.0 = Debug|Any CPU
		{26F90A33-CF21-44C9-A95E-A3255478CD8B}.Release|Any CPU.ActiveCfg = Release|Any CPU
		{26F90A33-CF21-44C9-A95E-A3255478CD8B}.Release|Any CPU.Build.0 = Release|Any CPU
	EndGlobalSection
	GlobalSection(SolutionProperties) = preSolution
		HideSolutionNode = FALSE
	EndGlobalSection
EndGlobal
